
Microsoft Visual Studio Solution File, Format Version 12.00
# Visual Studio Version 16
VisualStudioVersion = 16.0.30717.126
MinimumVisualStudioVersion = 10.0.40219.1
Project("{FAE04EC0-301F-11D3-BF4B-00C04F79EFBC}") = "BasicClassConcepts", "BasicClassConcepts\BasicClassConcepts.csproj", "{9ADEB110-2F0B-491E-B66E-D112B8873CF1}"
EndProject
Global
	GlobalSection(SolutionConfigurationPlatforms) = preSolution
		Debug|Any CPU = Debug|Any CPU
		Release|Any CPU = Release|Any CPU
	EndGlobalSection
	GlobalSection(ProjectConfigurationPlatforms) = postSolution
		{9ADEB110-2F0B-491E-B66E-D112B8873CF1}.Debug|Any CPU.ActiveCfg = Debug|Any CPU
		{9ADEB110-2F0B-491E-B66E-D112B8873CF1}.Debug|Any CPU.Build.0 = Debug|Any CPU
		{9ADEB110-2F0B-491E-B66E-D112B8873CF1}.Release|Any CPU.ActiveCfg = Release|Any CPU
		{9ADEB110-2F0B-491E-B66E-D112B8873CF1}.Release|Any CPU.Build.0 = Release|Any CPU
	EndGlobalSection
	GlobalSection(SolutionProperties) = preSolution
		HideSolutionNode = FALSE
	EndGlobalSection
	GlobalSection(ExtensibilityGlobals) = postSolution
		SolutionGuid = {83FF13A6-5CF9-4884-92DC-A7C5DD2BCDBB}
	EndGlobalSection
EndGlobal
