
Microsoft Visual Studio Solution File, Format Version 12.00
# Visual Studio Version 16
VisualStudioVersion = 16.0.30717.126
MinimumVisualStudioVersion = 10.0.40219.1
Project("{FAE04EC0-301F-11D3-BF4B-00C04F79EFBC}") = "SerializeEx", "SerializeEx\SerializeEx.csproj", "{693ED6EB-D5F5-4977-ABC1-588214786BB2}"
EndProject
Global
	GlobalSection(SolutionConfigurationPlatforms) = preSolution
		Debug|Any CPU = Debug|Any CPU
		Release|Any CPU = Release|Any CPU
	EndGlobalSection
	GlobalSection(ProjectConfigurationPlatforms) = postSolution
		{693ED6EB-D5F5-4977-ABC1-588214786BB2}.Debug|Any CPU.ActiveCfg = Debug|Any CPU
		{693ED6EB-D5F5-4977-ABC1-588214786BB2}.Debug|Any CPU.Build.0 = Debug|Any CPU
		{693ED6EB-D5F5-4977-ABC1-588214786BB2}.Release|Any CPU.ActiveCfg = Release|Any CPU
		{693ED6EB-D5F5-4977-ABC1-588214786BB2}.Release|Any CPU.Build.0 = Release|Any CPU
	EndGlobalSection
	GlobalSection(SolutionProperties) = preSolution
		HideSolutionNode = FALSE
	EndGlobalSection
	GlobalSection(ExtensibilityGlobals) = postSolution
		SolutionGuid = {B540906A-ED60-4265-BB33-93BB7348C1AF}
	EndGlobalSection
EndGlobal
