
Microsoft Visual Studio Solution File, Format Version 12.00
# Visual Studio Version 16
VisualStudioVersion = 16.0.30717.126
MinimumVisualStudioVersion = 10.0.40219.1
Project("{FAE04EC0-301F-11D3-BF4B-00C04F79EFBC}") = "Employee", "Employee\Employee.csproj", "{7E5A0B33-A5AA-4FB8-97D0-B1BC58D902BA}"
EndProject
Global
	GlobalSection(SolutionConfigurationPlatforms) = preSolution
		Debug|Any CPU = Debug|Any CPU
		Release|Any CPU = Release|Any CPU
	EndGlobalSection
	GlobalSection(ProjectConfigurationPlatforms) = postSolution
		{7E5A0B33-A5AA-4FB8-97D0-B1BC58D902BA}.Debug|Any CPU.ActiveCfg = Debug|Any CPU
		{7E5A0B33-A5AA-4FB8-97D0-B1BC58D902BA}.Debug|Any CPU.Build.0 = Debug|Any CPU
		{7E5A0B33-A5AA-4FB8-97D0-B1BC58D902BA}.Release|Any CPU.ActiveCfg = Release|Any CPU
		{7E5A0B33-A5AA-4FB8-97D0-B1BC58D902BA}.Release|Any CPU.Build.0 = Release|Any CPU
	EndGlobalSection
	GlobalSection(SolutionProperties) = preSolution
		HideSolutionNode = FALSE
	EndGlobalSection
	GlobalSection(ExtensibilityGlobals) = postSolution
		SolutionGuid = {639D207F-9412-41E6-B16C-D5E72E40BEB7}
	EndGlobalSection
EndGlobal
