
Microsoft Visual Studio Solution File, Format Version 12.00
# Visual Studio Version 16
VisualStudioVersion = 16.0.30717.126
MinimumVisualStudioVersion = 10.0.40219.1
Project("{FAE04EC0-301F-11D3-BF4B-00C04F79EFBC}") = "LinqExample", "LinqExample\LinqExample.csproj", "{B92D82A0-B849-46F5-B321-4EE9989D6EFC}"
EndProject
Project("{FAE04EC0-301F-11D3-BF4B-00C04F79EFBC}") = "AsyncCodeWithDelegates", "AsyncCodeWithDelegates\AsyncCodeWithDelegates.csproj", "{49D81F7B-4FF4-45AD-9E8D-E3B260714BE1}"
EndProject
Global
	GlobalSection(SolutionConfigurationPlatforms) = preSolution
		Debug|Any CPU = Debug|Any CPU
		Release|Any CPU = Release|Any CPU
	EndGlobalSection
	GlobalSection(ProjectConfigurationPlatforms) = postSolution
		{B92D82A0-B849-46F5-B321-4EE9989D6EFC}.Debug|Any CPU.ActiveCfg = Debug|Any CPU
		{B92D82A0-B849-46F5-B321-4EE9989D6EFC}.Debug|Any CPU.Build.0 = Debug|Any CPU
		{B92D82A0-B849-46F5-B321-4EE9989D6EFC}.Release|Any CPU.ActiveCfg = Release|Any CPU
		{B92D82A0-B849-46F5-B321-4EE9989D6EFC}.Release|Any CPU.Build.0 = Release|Any CPU
		{49D81F7B-4FF4-45AD-9E8D-E3B260714BE1}.Debug|Any CPU.ActiveCfg = Debug|Any CPU
		{49D81F7B-4FF4-45AD-9E8D-E3B260714BE1}.Debug|Any CPU.Build.0 = Debug|Any CPU
		{49D81F7B-4FF4-45AD-9E8D-E3B260714BE1}.Release|Any CPU.ActiveCfg = Release|Any CPU
		{49D81F7B-4FF4-45AD-9E8D-E3B260714BE1}.Release|Any CPU.Build.0 = Release|Any CPU
	EndGlobalSection
	GlobalSection(SolutionProperties) = preSolution
		HideSolutionNode = FALSE
	EndGlobalSection
	GlobalSection(ExtensibilityGlobals) = postSolution
		SolutionGuid = {0FCCB159-BB76-409A-82F6-FE9459D58655}
	EndGlobalSection
EndGlobal
